
Microsoft Visual Studio Solution File, Format Version 12.00
# Visual Studio Version 16
VisualStudioVersion = 16.0.29215.179
MinimumVisualStudioVersion = 10.0.40219.1
Project("{FAE04EC0-301F-11D3-BF4B-00C04F79EFBC}") = "ElkonScada", "ElkonScada\ElkonScada.csproj", "{FE0416D9-4766-41D7-8748-CF9DB4AF4685}"
EndProject
Global
	GlobalSection(SolutionConfigurationPlatforms) = preSolution
		Debug|Any CPU = Debug|Any CPU
		Release|Any CPU = Release|Any CPU
	EndGlobalSection
	GlobalSection(ProjectConfigurationPlatforms) = postSolution
		{FE0416D9-4766-41D7-8748-CF9DB4AF4685}.Debug|Any CPU.ActiveCfg = Debug|Any CPU
		{FE0416D9-4766-41D7-8748-CF9DB4AF4685}.Debug|Any CPU.Build.0 = Debug|Any CPU
		{FE0416D9-4766-41D7-8748-CF9DB4AF4685}.Release|Any CPU.ActiveCfg = Release|Any CPU
		{FE0416D9-4766-41D7-8748-CF9DB4AF4685}.Release|Any CPU.Build.0 = Release|Any CPU
	EndGlobalSection
	GlobalSection(SolutionProperties) = preSolution
		HideSolutionNode = FALSE
	EndGlobalSection
	GlobalSection(ExtensibilityGlobals) = postSolution
		SolutionGuid = {B2343407-5535-43B8-8062-E1B947432DA3}
	EndGlobalSection
EndGlobal
